// !$*UTF8*$!
{
	archiveVersion = 1;
	classes = {
	};
	objectVersion = 46;
	objects = {

/* Begin PBXBuildFile section */
		D414F6CF1C0547B8001ACD36 /* main.swift in Sources */ = {isa = PBXBuildFile; fileRef = D414F6CE1C0547B8001ACD36 /* main.swift */; };
		D414F6D81C0578A0001ACD36 /* StringExtension.swift in Sources */ = {isa = PBXBuildFile; fileRef = D414F6D71C0578A0001ACD36 /* StringExtension.swift */; };
		D414F6DC1C05B4B7001ACD36 /* StringMatcher.m in Sources */ = {isa = PBXBuildFile; fileRef = D414F6DB1C05B4B7001ACD36 /* StringMatcher.m */; };
/* End PBXBuildFile section */

/* Begin PBXCopyFilesBuildPhase section */
		D414F6C91C0547B8001ACD36 /* CopyFiles */ = {
			isa = PBXCopyFilesBuildPhase;
			buildActionMask = 2147483647;
			dstPath = /usr/share/man/man1/;
			dstSubfolderSpec = 0;
			files = (
			);
			runOnlyForDeploymentPostprocessing = 1;
		};
/* End PBXCopyFilesBuildPhase section */

/* Begin PBXFileReference section */
		D414F6CB1C0547B8001ACD36 /* StringMatcher */ = {isa = PBXFileReference; explicitFileType = "compiled.mach-o.executable"; includeInIndex = 0; path = StringMatcher; sourceTree = BUILT_PRODUCTS_DIR; };
		D414F6CE1C0547B8001ACD36 /* main.swift */ = {isa = PBXFileReference; lastKnownFileType = sourcecode.swift; path = main.swift; sourceTree = "<group>"; };
		D414F6D71C0578A0001ACD36 /* StringExtension.swift */ = {isa = PBXFileReference; fileEncoding = 4; lastKnownFileType = sourcecode.swift; path = StringExtension.swift; sourceTree = "<group>"; };
		D414F6D91C05B4B7001ACD36 /* StringMatcher-Bridging-Header.h */ = {isa = PBXFileReference; lastKnownFileType = sourcecode.c.h; path = "StringMatcher-Bridging-Header.h"; sourceTree = "<group>"; };
		D414F6DA1C05B4B7001ACD36 /* StringMatcher.h */ = {isa = PBXFileReference; fileEncoding = 4; lastKnownFileType = sourcecode.c.h; path = StringMatcher.h; sourceTree = "<group>"; };
		D414F6DB1C05B4B7001ACD36 /* StringMatcher.m */ = {isa = PBXFileReference; fileEncoding = 4; lastKnownFileType = sourcecode.c.objc; path = StringMatcher.m; sourceTree = "<group>"; };
/* End PBXFileReference section */

/* Begin PBXFrameworksBuildPhase section */
		D414F6C81C0547B8001ACD36 /* Frameworks */ = {
			isa = PBXFrameworksBuildPhase;
			buildActionMask = 2147483647;
			files = (
			);
			runOnlyForDeploymentPostprocessing = 0;
		};
/* End PBXFrameworksBuildPhase section */

/* Begin PBXGroup section */
		D414F6C21C0547B8001ACD36 = {
			isa = PBXGroup;
			children = (
				D414F6CD1C0547B8001ACD36 /* StringMatcher */,
				D414F6CC1C0547B8001ACD36 /* Products */,
			);
			sourceTree = "<group>";
		};
		D414F6CC1C0547B8001ACD36 /* Products */ = {
			isa = PBXGroup;
			children = (
				D414F6CB1C0547B8001ACD36 /* StringMatcher */,
			);
			name = Products;
			sourceTree = "<group>";
		};
		D414F6CD1C0547B8001ACD36 /* StringMatcher */ = {
			isa = PBXGroup;
			children = (
				D414F6CE1C0547B8001ACD36 /* main.swift */,
				D414F6D71C0578A0001ACD36 /* StringExtension.swift */,
				D414F6DA1C05B4B7001ACD36 /* StringMatcher.h */,
				D414F6DB1C05B4B7001ACD36 /* StringMatcher.m */,
				D414F6D91C05B4B7001ACD36 /* StringMatcher-Bridging-Header.h */,
			);
			path = StringMatcher;
			sourceTree = "<group>";
		};
/* End PBXGroup section */

/* Begin PBXNativeTarget section */
		D414F6CA1C0547B8001ACD36 /* StringMatcher */ = {
			isa = PBXNativeTarget;
			buildConfigurationList = D414F6D21C0547B8001ACD36 /* Build configuration list for PBXNativeTarget "StringMatcher" */;
			buildPhases = (
				D414F6C71C0547B8001ACD36 /* Sources */,
				D414F6C81C0547B8001ACD36 /* Frameworks */,
				D414F6C91C0547B8001ACD36 /* CopyFiles */,
			);
			buildRules = (
			);
			dependencies = (
			);
			name = StringMatcher;
			productName = StringMatcher;
			productReference = D414F6CB1C0547B8001ACD36 /* StringMatcher */;
			productType = "com.apple.product-type.tool";
		};
/* End PBXNativeTarget section */

/* Begin PBXProject section */
		D414F6C31C0547B8001ACD36 /* Project object */ = {
			isa = PBXProject;
			attributes = {
				LastSwiftUpdateCheck = 0710;
				LastUpgradeCheck = 0710;
				ORGANIZATIONNAME = "阳君";
				TargetAttributes = {
					D414F6CA1C0547B8001ACD36 = {
						CreatedOnToolsVersion = 7.1.1;
					};
				};
			};
			buildConfigurationList = D414F6C61C0547B8001ACD36 /* Build configuration list for PBXProject "StringMatcher" */;
			compatibilityVersion = "Xcode 3.2";
			developmentRegion = English;
			hasScannedForEncodings = 0;
			knownRegions = (
				en,
			);
			mainGroup = D414F6C21C0547B8001ACD36;
			productRefGroup = D414F6CC1C0547B8001ACD36 /* Products */;
			projectDirPath = "";
			projectRoot = "";
			targets = (
				D414F6CA1C0547B8001ACD36 /* StringMatcher */,
			);
		};
/* End PBXProject section */

/* Begin PBXSourcesBuildPhase section */
		D414F6C71C0547B8001ACD36 /* Sources */ = {
			isa = PBXSourcesBuildPhase;
			buildActionMask = 2147483647;
			files = (
				D414F6DC1C05B4B7001ACD36 /* StringMatcher.m in Sources */,
				D414F6CF1C0547B8001ACD36 /* main.swift in Sources */,
				D414F6D81C0578A0001ACD36 /* StringExtension.swift in Sources */,
			);
			runOnlyForDeploymentPostprocessing = 0;
		};
/* End PBXSourcesBuildPhase section */

/* Begin XCBuildConfiguration section */
		D414F6D01C0547B8001ACD36 /* Debug */ = {
			isa = XCBuildConfiguration;
			buildSettings = {
				ALWAYS_SEARCH_USER_PATHS = NO;
				CLANG_CXX_LANGUAGE_STANDARD = "gnu++0x";
				CLANG_CXX_LIBRARY = "libc++";
				CLANG_ENABLE_MODULES = YES;
				CLANG_ENABLE_OBJC_ARC = YES;
				CLANG_WARN_BOOL_CONVERSION = YES;
				CLANG_WARN_CONSTANT_CONVERSION = YES;
				CLANG_WARN_DIRECT_OBJC_ISA_USAGE = YES_ERROR;
				CLANG_WARN_EMPTY_BODY = YES;
				CLANG_WARN_ENUM_CONVERSION = YES;
				CLANG_WARN_INT_CONVERSION = YES;
				CLANG_WARN_OBJC_ROOT_CLASS = YES_ERROR;
				CLANG_WARN_UNREACHABLE_CODE = YES;
				CLANG_WARN__DUPLICATE_METHOD_MATCH = YES;
				CODE_SIGN_IDENTITY = "-";
				COPY_PHASE_STRIP = NO;
				DEBUG_INFORMATION_FORMAT = dwarf;
				ENABLE_STRICT_OBJC_MSGSEND = YES;
				ENABLE_TESTABILITY = YES;
				GCC_C_LANGUAGE_STANDARD = gnu99;
				GCC_DYNAMIC_NO_PIC = NO;
				GCC_NO_COMMON_BLOCKS = YES;
				GCC_OPTIMIZATION_LEVEL = 0;
				GCC_PREPROCESSOR_DEFINITIONS = (
					"DEBUG=1",
					"$(inherited)",
				);
				GCC_WARN_64_TO_32_BIT_CONVERSION = YES;
				GCC_WARN_ABOUT_RETURN_TYPE = YES_ERROR;
				GCC_WARN_UNDECLARED_SELECTOR = YES;
				GCC_WARN_UNINITIALIZED_AUTOS = YES_AGGRESSIVE;
				GCC_WARN_UNUSED_FUNCTION = YES;
				GCC_WARN_UNUSED_VARIABLE = YES;
				MACOSX_DEPLOYMENT_TARGET = 10.11;
				MTL_ENABLE_DEBUG_INFO = YES;
				ONLY_ACTIVE_ARCH = YES;
				SDKROOT = macosx;
				SWIFT_OPTIMIZATION_LEVEL = "-Onone";
			};
			name = Debug;
		};
		D414F6D11C0547B8001ACD36 /* Release */ = {
			isa = XCBuildConfiguration;
			buildSettings = {
				ALWAYS_SEARCH_USER_PATHS = NO;
				CLANG_CXX_LANGUAGE_STANDARD = "gnu++0x";
				CLANG_CXX_LIBRARY = "libc++";
				CLANG_ENABLE_MODULES = YES;
				CLANG_ENABLE_OBJC_ARC = YES;
				CLANG_WARN_BOOL_CONVERSION = YES;
				CLANG_WARN_CONSTANT_CONVERSION = YES;
				CLANG_WARN_DIRECT_OBJC_ISA_USAGE = YES_ERROR;
				CLANG_WARN_EMPTY_BODY = YES;
				CLANG_WARN_ENUM_CONVERSION = YES;
				CLANG_WARN_INT_CONVERSION = YES;
				CLANG_WARN_OBJC_ROOT_CLASS = YES_ERROR;
				CLANG_WARN_UNREACHABLE_CODE = YES;
				CLANG_WARN__DUPLICATE_METHOD_MATCH = YES;
				CODE_SIGN_IDENTITY = "-";
				COPY_PHASE_STRIP = NO;
				DEBUG_INFORMATION_FORMAT = "dwarf-with-dsym";
				ENABLE_NS_ASSERTIONS = NO;
				ENABLE_STRICT_OBJC_MSGSEND = YES;
				GCC_C_LANGUAGE_STANDARD = gnu99;
				GCC_NO_COMMON_BLOCKS = YES;
				GCC_WARN_64_TO_32_BIT_CONVERSION = YES;
				GCC_WARN_ABOUT_RETURN_TYPE = YES_ERROR;
				GCC_WARN_UNDECLARED_SELECTOR = YES;
				GCC_WARN_UNINITIALIZED_AUTOS = YES_AGGRESSIVE;
				GCC_WARN_UNUSED_FUNCTION = YES;
				GCC_WARN_UNUSED_VARIABLE = YES;
				MACOSX_DEPLOYMENT_TARGET = 10.11;
				MTL_ENABLE_DEBUG_INFO = NO;
				SDKROOT = macosx;
			};
			name = Release;
		};
		D414F6D31C0547B8001ACD36 /* Debug */ = {
			isa = XCBuildConfiguration;
			buildSettings = {
				CLANG_ENABLE_MODULES = YES;
				LD_RUNPATH_SEARCH_PATHS = "$(inherited) @executable_path/../Frameworks @loader_path/../Frameworks";
				PRODUCT_NAME = "$(TARGET_NAME)";
				SWIFT_OBJC_BRIDGING_HEADER = "StringMatcher/StringMatcher-Bridging-Header.h";
				SWIFT_OPTIMIZATION_LEVEL = "-Onone";
			};
			name = Debug;
		};
		D414F6D41C0547B8001ACD36 /* Release */ = {
			isa = XCBuildConfiguration;
			buildSettings = {
				CLANG_ENABLE_MODULES = YES;
				LD_RUNPATH_SEARCH_PATHS = "$(inherited) @executable_path/../Frameworks @loader_path/../Frameworks";
				PRODUCT_NAME = "$(TARGET_NAME)";
				SWIFT_OBJC_BRIDGING_HEADER = "StringMatcher/StringMatcher-Bridging-Header.h";
			};
			name = Release;
		};
/* End XCBuildConfiguration section */

/* Begin XCConfigurationList section */
		D414F6C61C0547B8001ACD36 /* Build configuration list for PBXProject "StringMatcher" */ = {
			isa = XCConfigurationList;
			buildConfigurations = (
				D414F6D01C0547B8001ACD36 /* Debug */,
				D414F6D11C0547B8001ACD36 /* Release */,
			);
			defaultConfigurationIsVisible = 0;
			defaultConfigurationName = Release;
		};
		D414F6D21C0547B8001ACD36 /* Build configuration list for PBXNativeTarget "StringMatcher" */ = {
			isa = XCConfigurationList;
			buildConfigurations = (
				D414F6D31C0547B8001ACD36 /* Debug */,
				D414F6D41C0547B8001ACD36 /* Release */,
			);
			defaultConfigurationIsVisible = 0;
		};
/* End XCConfigurationList section */
	};
	rootObject = D414F6C31C0547B8001ACD36 /* Project object */;
}
