// !$*UTF8*$!
{
	archiveVersion = 1;
	classes = {
	};
	objectVersion = 46;
	objects = {

/* Begin PBXBuildFile section */
		D4367B7E1BFB12CA0047DC23 /* YJStack.swift in Sources */ = {isa = PBXBuildFile; fileRef = D4367B7D1BFB12CA0047DC23 /* YJStack.swift */; };
		D4367B801BFB27430047DC23 /* YJQueue.swift in Sources */ = {isa = PBXBuildFile; fileRef = D4367B7F1BFB27430047DC23 /* YJQueue.swift */; };
		D4367B821BFB54930047DC23 /* YJList.swift in Sources */ = {isa = PBXBuildFile; fileRef = D4367B811BFB54930047DC23 /* YJList.swift */; };
		D4367B841BFB58FD0047DC23 /* YJListItem.swift in Sources */ = {isa = PBXBuildFile; fileRef = D4367B831BFB58FD0047DC23 /* YJListItem.swift */; };
		D46905561BFB0EDF004A20B0 /* main.swift in Sources */ = {isa = PBXBuildFile; fileRef = D46905551BFB0EDF004A20B0 /* main.swift */; };
/* End PBXBuildFile section */

/* Begin PBXCopyFilesBuildPhase section */
		D46905501BFB0EDF004A20B0 /* CopyFiles */ = {
			isa = PBXCopyFilesBuildPhase;
			buildActionMask = 2147483647;
			dstPath = /usr/share/man/man1/;
			dstSubfolderSpec = 0;
			files = (
			);
			runOnlyForDeploymentPostprocessing = 1;
		};
/* End PBXCopyFilesBuildPhase section */

/* Begin PBXFileReference section */
		D4367B7D1BFB12CA0047DC23 /* YJStack.swift */ = {isa = PBXFileReference; fileEncoding = 4; lastKnownFileType = sourcecode.swift; path = YJStack.swift; sourceTree = "<group>"; };
		D4367B7F1BFB27430047DC23 /* YJQueue.swift */ = {isa = PBXFileReference; fileEncoding = 4; lastKnownFileType = sourcecode.swift; path = YJQueue.swift; sourceTree = "<group>"; };
		D4367B811BFB54930047DC23 /* YJList.swift */ = {isa = PBXFileReference; fileEncoding = 4; lastKnownFileType = sourcecode.swift; path = YJList.swift; sourceTree = "<group>"; };
		D4367B831BFB58FD0047DC23 /* YJListItem.swift */ = {isa = PBXFileReference; fileEncoding = 4; lastKnownFileType = sourcecode.swift; path = YJListItem.swift; sourceTree = "<group>"; };
		D46905521BFB0EDF004A20B0 /* BasicDataStruct */ = {isa = PBXFileReference; explicitFileType = "compiled.mach-o.executable"; includeInIndex = 0; path = BasicDataStruct; sourceTree = BUILT_PRODUCTS_DIR; };
		D46905551BFB0EDF004A20B0 /* main.swift */ = {isa = PBXFileReference; lastKnownFileType = sourcecode.swift; path = main.swift; sourceTree = "<group>"; };
/* End PBXFileReference section */

/* Begin PBXFrameworksBuildPhase section */
		D469054F1BFB0EDF004A20B0 /* Frameworks */ = {
			isa = PBXFrameworksBuildPhase;
			buildActionMask = 2147483647;
			files = (
			);
			runOnlyForDeploymentPostprocessing = 0;
		};
/* End PBXFrameworksBuildPhase section */

/* Begin PBXGroup section */
		D46905491BFB0EDF004A20B0 = {
			isa = PBXGroup;
			children = (
				D46905541BFB0EDF004A20B0 /* BasicDataStruct */,
				D46905531BFB0EDF004A20B0 /* Products */,
			);
			sourceTree = "<group>";
		};
		D46905531BFB0EDF004A20B0 /* Products */ = {
			isa = PBXGroup;
			children = (
				D46905521BFB0EDF004A20B0 /* BasicDataStruct */,
			);
			name = Products;
			sourceTree = "<group>";
		};
		D46905541BFB0EDF004A20B0 /* BasicDataStruct */ = {
			isa = PBXGroup;
			children = (
				D46905551BFB0EDF004A20B0 /* main.swift */,
				D4367B7D1BFB12CA0047DC23 /* YJStack.swift */,
				D4367B7F1BFB27430047DC23 /* YJQueue.swift */,
				D4367B811BFB54930047DC23 /* YJList.swift */,
				D4367B831BFB58FD0047DC23 /* YJListItem.swift */,
			);
			path = BasicDataStruct;
			sourceTree = "<group>";
		};
/* End PBXGroup section */

/* Begin PBXNativeTarget section */
		D46905511BFB0EDF004A20B0 /* BasicDataStruct */ = {
			isa = PBXNativeTarget;
			buildConfigurationList = D46905591BFB0EDF004A20B0 /* Build configuration list for PBXNativeTarget "BasicDataStruct" */;
			buildPhases = (
				D469054E1BFB0EDF004A20B0 /* Sources */,
				D469054F1BFB0EDF004A20B0 /* Frameworks */,
				D46905501BFB0EDF004A20B0 /* CopyFiles */,
			);
			buildRules = (
			);
			dependencies = (
			);
			name = BasicDataStruct;
			productName = BasicDataStruct;
			productReference = D46905521BFB0EDF004A20B0 /* BasicDataStruct */;
			productType = "com.apple.product-type.tool";
		};
/* End PBXNativeTarget section */

/* Begin PBXProject section */
		D469054A1BFB0EDF004A20B0 /* Project object */ = {
			isa = PBXProject;
			attributes = {
				CLASSPREFIX = YJ;
				LastSwiftUpdateCheck = 0710;
				LastUpgradeCheck = 0710;
				ORGANIZATIONNAME = "阳君";
				TargetAttributes = {
					D46905511BFB0EDF004A20B0 = {
						CreatedOnToolsVersion = 7.1.1;
					};
				};
			};
			buildConfigurationList = D469054D1BFB0EDF004A20B0 /* Build configuration list for PBXProject "BasicDataStruct" */;
			compatibilityVersion = "Xcode 3.2";
			developmentRegion = English;
			hasScannedForEncodings = 0;
			knownRegions = (
				en,
			);
			mainGroup = D46905491BFB0EDF004A20B0;
			productRefGroup = D46905531BFB0EDF004A20B0 /* Products */;
			projectDirPath = "";
			projectRoot = "";
			targets = (
				D46905511BFB0EDF004A20B0 /* BasicDataStruct */,
			);
		};
/* End PBXProject section */

/* Begin PBXSourcesBuildPhase section */
		D469054E1BFB0EDF004A20B0 /* Sources */ = {
			isa = PBXSourcesBuildPhase;
			buildActionMask = 2147483647;
			files = (
				D4367B841BFB58FD0047DC23 /* YJListItem.swift in Sources */,
				D4367B7E1BFB12CA0047DC23 /* YJStack.swift in Sources */,
				D4367B801BFB27430047DC23 /* YJQueue.swift in Sources */,
				D4367B821BFB54930047DC23 /* YJList.swift in Sources */,
				D46905561BFB0EDF004A20B0 /* main.swift in Sources */,
			);
			runOnlyForDeploymentPostprocessing = 0;
		};
/* End PBXSourcesBuildPhase section */

/* Begin XCBuildConfiguration section */
		D46905571BFB0EDF004A20B0 /* Debug */ = {
			isa = XCBuildConfiguration;
			buildSettings = {
				ALWAYS_SEARCH_USER_PATHS = NO;
				CLANG_CXX_LANGUAGE_STANDARD = "gnu++0x";
				CLANG_CXX_LIBRARY = "libc++";
				CLANG_ENABLE_MODULES = YES;
				CLANG_ENABLE_OBJC_ARC = YES;
				CLANG_WARN_BOOL_CONVERSION = YES;
				CLANG_WARN_CONSTANT_CONVERSION = YES;
				CLANG_WARN_DIRECT_OBJC_ISA_USAGE = YES_ERROR;
				CLANG_WARN_EMPTY_BODY = YES;
				CLANG_WARN_ENUM_CONVERSION = YES;
				CLANG_WARN_INT_CONVERSION = YES;
				CLANG_WARN_OBJC_ROOT_CLASS = YES_ERROR;
				CLANG_WARN_UNREACHABLE_CODE = YES;
				CLANG_WARN__DUPLICATE_METHOD_MATCH = YES;
				CODE_SIGN_IDENTITY = "-";
				COPY_PHASE_STRIP = NO;
				DEBUG_INFORMATION_FORMAT = dwarf;
				ENABLE_STRICT_OBJC_MSGSEND = YES;
				ENABLE_TESTABILITY = YES;
				GCC_C_LANGUAGE_STANDARD = gnu99;
				GCC_DYNAMIC_NO_PIC = NO;
				GCC_NO_COMMON_BLOCKS = YES;
				GCC_OPTIMIZATION_LEVEL = 0;
				GCC_PREPROCESSOR_DEFINITIONS = (
					"DEBUG=1",
					"$(inherited)",
				);
				GCC_WARN_64_TO_32_BIT_CONVERSION = YES;
				GCC_WARN_ABOUT_RETURN_TYPE = YES_ERROR;
				GCC_WARN_UNDECLARED_SELECTOR = YES;
				GCC_WARN_UNINITIALIZED_AUTOS = YES_AGGRESSIVE;
				GCC_WARN_UNUSED_FUNCTION = YES;
				GCC_WARN_UNUSED_VARIABLE = YES;
				MACOSX_DEPLOYMENT_TARGET = 10.11;
				MTL_ENABLE_DEBUG_INFO = YES;
				ONLY_ACTIVE_ARCH = YES;
				SDKROOT = macosx;
				SWIFT_OPTIMIZATION_LEVEL = "-Onone";
			};
			name = Debug;
		};
		D46905581BFB0EDF004A20B0 /* Release */ = {
			isa = XCBuildConfiguration;
			buildSettings = {
				ALWAYS_SEARCH_USER_PATHS = NO;
				CLANG_CXX_LANGUAGE_STANDARD = "gnu++0x";
				CLANG_CXX_LIBRARY = "libc++";
				CLANG_ENABLE_MODULES = YES;
				CLANG_ENABLE_OBJC_ARC = YES;
				CLANG_WARN_BOOL_CONVERSION = YES;
				CLANG_WARN_CONSTANT_CONVERSION = YES;
				CLANG_WARN_DIRECT_OBJC_ISA_USAGE = YES_ERROR;
				CLANG_WARN_EMPTY_BODY = YES;
				CLANG_WARN_ENUM_CONVERSION = YES;
				CLANG_WARN_INT_CONVERSION = YES;
				CLANG_WARN_OBJC_ROOT_CLASS = YES_ERROR;
				CLANG_WARN_UNREACHABLE_CODE = YES;
				CLANG_WARN__DUPLICATE_METHOD_MATCH = YES;
				CODE_SIGN_IDENTITY = "-";
				COPY_PHASE_STRIP = NO;
				DEBUG_INFORMATION_FORMAT = "dwarf-with-dsym";
				ENABLE_NS_ASSERTIONS = NO;
				ENABLE_STRICT_OBJC_MSGSEND = YES;
				GCC_C_LANGUAGE_STANDARD = gnu99;
				GCC_NO_COMMON_BLOCKS = YES;
				GCC_WARN_64_TO_32_BIT_CONVERSION = YES;
				GCC_WARN_ABOUT_RETURN_TYPE = YES_ERROR;
				GCC_WARN_UNDECLARED_SELECTOR = YES;
				GCC_WARN_UNINITIALIZED_AUTOS = YES_AGGRESSIVE;
				GCC_WARN_UNUSED_FUNCTION = YES;
				GCC_WARN_UNUSED_VARIABLE = YES;
				MACOSX_DEPLOYMENT_TARGET = 10.11;
				MTL_ENABLE_DEBUG_INFO = NO;
				SDKROOT = macosx;
			};
			name = Release;
		};
		D469055A1BFB0EDF004A20B0 /* Debug */ = {
			isa = XCBuildConfiguration;
			buildSettings = {
				PRODUCT_NAME = "$(TARGET_NAME)";
			};
			name = Debug;
		};
		D469055B1BFB0EDF004A20B0 /* Release */ = {
			isa = XCBuildConfiguration;
			buildSettings = {
				PRODUCT_NAME = "$(TARGET_NAME)";
			};
			name = Release;
		};
/* End XCBuildConfiguration section */

/* Begin XCConfigurationList section */
		D469054D1BFB0EDF004A20B0 /* Build configuration list for PBXProject "BasicDataStruct" */ = {
			isa = XCConfigurationList;
			buildConfigurations = (
				D46905571BFB0EDF004A20B0 /* Debug */,
				D46905581BFB0EDF004A20B0 /* Release */,
			);
			defaultConfigurationIsVisible = 0;
			defaultConfigurationName = Release;
		};
		D46905591BFB0EDF004A20B0 /* Build configuration list for PBXNativeTarget "BasicDataStruct" */ = {
			isa = XCConfigurationList;
			buildConfigurations = (
				D469055A1BFB0EDF004A20B0 /* Debug */,
				D469055B1BFB0EDF004A20B0 /* Release */,
			);
			defaultConfigurationIsVisible = 0;
			defaultConfigurationName = Release;
		};
/* End XCConfigurationList section */
	};
	rootObject = D469054A1BFB0EDF004A20B0 /* Project object */;
}
